// !$*UTF8*$!
{
	archiveVersion = 1;
	classes = {
	};
	objectVersion = 55;
	objects = {

/* Begin PBXBuildFile section */
		CA23CA3F289B048B0039E2A6 /* JournalsViewController.swift in Sources */ = {isa = PBXBuildFile; fileRef = CA23CA3C289B048B0039E2A6 /* JournalsViewController.swift */; };
		CA23CA40289B048B0039E2A6 /* JournalsViewModel.swift in Sources */ = {isa = PBXBuildFile; fileRef = CA23CA3D289B048B0039E2A6 /* JournalsViewModel.swift */; };
		CA23CA41289B048B0039E2A6 /* Journals.storyboard in Resources */ = {isa = PBXBuildFile; fileRef = CA23CA3E289B048B0039E2A6 /* Journals.storyboard */; };
		CA23CA45289B04920039E2A6 /* JournalsTableViewCell.xib in Resources */ = {isa = PBXBuildFile; fileRef = CA23CA43289B04920039E2A6 /* JournalsTableViewCell.xib */; };
		CA23CA46289B04920039E2A6 /* JournalsTableViewCell.swift in Sources */ = {isa = PBXBuildFile; fileRef = CA23CA44289B04920039E2A6 /* JournalsTableViewCell.swift */; };
		FA3752AD289572D20094FE2D /* AppDelegate.swift in Sources */ = {isa = PBXBuildFile; fileRef = FA3752AC289572D20094FE2D /* AppDelegate.swift */; };
		FA3752AF289572D20094FE2D /* SceneDelegate.swift in Sources */ = {isa = PBXBuildFile; fileRef = FA3752AE289572D20094FE2D /* SceneDelegate.swift */; };
		FA3752B6289572D40094FE2D /* Assets.xcassets in Resources */ = {isa = PBXBuildFile; fileRef = FA3752B5289572D40094FE2D /* Assets.xcassets */; };
		FA3752B9289572D40094FE2D /* LaunchScreen.storyboard in Resources */ = {isa = PBXBuildFile; fileRef = FA3752B7289572D40094FE2D /* LaunchScreen.storyboard */; };
		FA3752C4289572D40094FE2D /* HabiTrackerTests.swift in Sources */ = {isa = PBXBuildFile; fileRef = FA3752C3289572D40094FE2D /* HabiTrackerTests.swift */; };
		FA3752CE289572D40094FE2D /* HabiTrackerUITests.swift in Sources */ = {isa = PBXBuildFile; fileRef = FA3752CD289572D40094FE2D /* HabiTrackerUITests.swift */; };
		FA3752D0289572D40094FE2D /* HabiTrackerUITestsLaunchTests.swift in Sources */ = {isa = PBXBuildFile; fileRef = FA3752CF289572D40094FE2D /* HabiTrackerUITestsLaunchTests.swift */; };
		FA3752E3289573440094FE2D /* Coordinator.swift in Sources */ = {isa = PBXBuildFile; fileRef = FA3752E2289573440094FE2D /* Coordinator.swift */; };
		FA3752E5289573870094FE2D /* AppCoordinator.swift in Sources */ = {isa = PBXBuildFile; fileRef = FA3752E4289573870094FE2D /* AppCoordinator.swift */; };
		FA3752E8289575310094FE2D /* StoryboardInitiated.swift in Sources */ = {isa = PBXBuildFile; fileRef = FA3752E7289575310094FE2D /* StoryboardInitiated.swift */; };
		FA3752EE289575B20094FE2D /* ViewModelType.swift in Sources */ = {isa = PBXBuildFile; fileRef = FA3752ED289575B20094FE2D /* ViewModelType.swift */; };
/* End PBXBuildFile section */

/* Begin PBXContainerItemProxy section */
		FA3752C0289572D40094FE2D /* PBXContainerItemProxy */ = {
			isa = PBXContainerItemProxy;
			containerPortal = FA3752A1289572D20094FE2D /* Project object */;
			proxyType = 1;
			remoteGlobalIDString = FA3752A8289572D20094FE2D;
			remoteInfo = HabiTracker;
		};
		FA3752CA289572D40094FE2D /* PBXContainerItemProxy */ = {
			isa = PBXContainerItemProxy;
			containerPortal = FA3752A1289572D20094FE2D /* Project object */;
			proxyType = 1;
			remoteGlobalIDString = FA3752A8289572D20094FE2D;
			remoteInfo = HabiTracker;
		};
/* End PBXContainerItemProxy section */

/* Begin PBXFileReference section */
		CA23CA3C289B048B0039E2A6 /* JournalsViewController.swift */ = {isa = PBXFileReference; fileEncoding = 4; lastKnownFileType = sourcecode.swift; path = JournalsViewController.swift; sourceTree = "<group>"; };
		CA23CA3D289B048B0039E2A6 /* JournalsViewModel.swift */ = {isa = PBXFileReference; fileEncoding = 4; lastKnownFileType = sourcecode.swift; path = JournalsViewModel.swift; sourceTree = "<group>"; };
		CA23CA3E289B048B0039E2A6 /* Journals.storyboard */ = {isa = PBXFileReference; fileEncoding = 4; lastKnownFileType = file.storyboard; path = Journals.storyboard; sourceTree = "<group>"; };
		CA23CA43289B04920039E2A6 /* JournalsTableViewCell.xib */ = {isa = PBXFileReference; fileEncoding = 4; lastKnownFileType = file.xib; path = JournalsTableViewCell.xib; sourceTree = "<group>"; };
		CA23CA44289B04920039E2A6 /* JournalsTableViewCell.swift */ = {isa = PBXFileReference; fileEncoding = 4; lastKnownFileType = sourcecode.swift; path = JournalsTableViewCell.swift; sourceTree = "<group>"; };
		FA3752A9289572D20094FE2D /* HabiTracker.app */ = {isa = PBXFileReference; explicitFileType = wrapper.application; includeInIndex = 0; path = HabiTracker.app; sourceTree = BUILT_PRODUCTS_DIR; };
		FA3752AC289572D20094FE2D /* AppDelegate.swift */ = {isa = PBXFileReference; lastKnownFileType = sourcecode.swift; path = AppDelegate.swift; sourceTree = "<group>"; };
		FA3752AE289572D20094FE2D /* SceneDelegate.swift */ = {isa = PBXFileReference; lastKnownFileType = sourcecode.swift; path = SceneDelegate.swift; sourceTree = "<group>"; };
		FA3752B5289572D40094FE2D /* Assets.xcassets */ = {isa = PBXFileReference; lastKnownFileType = folder.assetcatalog; path = Assets.xcassets; sourceTree = "<group>"; };
		FA3752B8289572D40094FE2D /* Base */ = {isa = PBXFileReference; lastKnownFileType = file.storyboard; name = Base; path = Base.lproj/LaunchScreen.storyboard; sourceTree = "<group>"; };
		FA3752BA289572D40094FE2D /* Info.plist */ = {isa = PBXFileReference; lastKnownFileType = text.plist.xml; path = Info.plist; sourceTree = "<group>"; };
		FA3752BF289572D40094FE2D /* HabiTrackerTests.xctest */ = {isa = PBXFileReference; explicitFileType = wrapper.cfbundle; includeInIndex = 0; path = HabiTrackerTests.xctest; sourceTree = BUILT_PRODUCTS_DIR; };
		FA3752C3289572D40094FE2D /* HabiTrackerTests.swift */ = {isa = PBXFileReference; lastKnownFileType = sourcecode.swift; path = HabiTrackerTests.swift; sourceTree = "<group>"; };
		FA3752C9289572D40094FE2D /* HabiTrackerUITests.xctest */ = {isa = PBXFileReference; explicitFileType = wrapper.cfbundle; includeInIndex = 0; path = HabiTrackerUITests.xctest; sourceTree = BUILT_PRODUCTS_DIR; };
		FA3752CD289572D40094FE2D /* HabiTrackerUITests.swift */ = {isa = PBXFileReference; lastKnownFileType = sourcecode.swift; path = HabiTrackerUITests.swift; sourceTree = "<group>"; };
		FA3752CF289572D40094FE2D /* HabiTrackerUITestsLaunchTests.swift */ = {isa = PBXFileReference; lastKnownFileType = sourcecode.swift; path = HabiTrackerUITestsLaunchTests.swift; sourceTree = "<group>"; };
		FA3752E2289573440094FE2D /* Coordinator.swift */ = {isa = PBXFileReference; lastKnownFileType = sourcecode.swift; path = Coordinator.swift; sourceTree = "<group>"; };
		FA3752E4289573870094FE2D /* AppCoordinator.swift */ = {isa = PBXFileReference; lastKnownFileType = sourcecode.swift; path = AppCoordinator.swift; sourceTree = "<group>"; };
		FA3752E7289575310094FE2D /* StoryboardInitiated.swift */ = {isa = PBXFileReference; lastKnownFileType = sourcecode.swift; path = StoryboardInitiated.swift; sourceTree = "<group>"; };
		FA3752ED289575B20094FE2D /* ViewModelType.swift */ = {isa = PBXFileReference; lastKnownFileType = sourcecode.swift; path = ViewModelType.swift; sourceTree = "<group>"; };
/* End PBXFileReference section */

/* Begin PBXFrameworksBuildPhase section */
		FA3752A6289572D20094FE2D /* Frameworks */ = {
			isa = PBXFrameworksBuildPhase;
			buildActionMask = 2147483647;
			files = (
			);
			runOnlyForDeploymentPostprocessing = 0;
		};
		FA3752BC289572D40094FE2D /* Frameworks */ = {
			isa = PBXFrameworksBuildPhase;
			buildActionMask = 2147483647;
			files = (
			);
			runOnlyForDeploymentPostprocessing = 0;
		};
		FA3752C6289572D40094FE2D /* Frameworks */ = {
			isa = PBXFrameworksBuildPhase;
			buildActionMask = 2147483647;
			files = (
			);
			runOnlyForDeploymentPostprocessing = 0;
		};
/* End PBXFrameworksBuildPhase section */

/* Begin PBXGroup section */
		CA23CA3B289B048B0039E2A6 /* Journals */ = {
			isa = PBXGroup;
			children = (
				CA23CA3C289B048B0039E2A6 /* JournalsViewController.swift */,
				CA23CA3D289B048B0039E2A6 /* JournalsViewModel.swift */,
				CA23CA3E289B048B0039E2A6 /* Journals.storyboard */,
			);
			path = Journals;
			sourceTree = "<group>";
		};
		CA23CA42289B04920039E2A6 /* JournalsTableViewCell */ = {
			isa = PBXGroup;
			children = (
				CA23CA43289B04920039E2A6 /* JournalsTableViewCell.xib */,
				CA23CA44289B04920039E2A6 /* JournalsTableViewCell.swift */,
			);
			path = JournalsTableViewCell;
			sourceTree = "<group>";
		};
		FA3752A0289572D20094FE2D = {
			isa = PBXGroup;
			children = (
				FA3752AB289572D20094FE2D /* HabiTracker */,
				FA3752C2289572D40094FE2D /* HabiTrackerTests */,
				FA3752CC289572D40094FE2D /* HabiTrackerUITests */,
				FA3752AA289572D20094FE2D /* Products */,
			);
			sourceTree = "<group>";
		};
		FA3752AA289572D20094FE2D /* Products */ = {
			isa = PBXGroup;
			children = (
				FA3752A9289572D20094FE2D /* HabiTracker.app */,
				FA3752BF289572D40094FE2D /* HabiTrackerTests.xctest */,
				FA3752C9289572D40094FE2D /* HabiTrackerUITests.xctest */,
			);
			name = Products;
			sourceTree = "<group>";
		};
		FA3752AB289572D20094FE2D /* HabiTracker */ = {
			isa = PBXGroup;
			children = (
				FA3752DE289572F70094FE2D /* Application */,
				FA3752DC289572EB0094FE2D /* UI */,
				FA3752DF289572FC0094FE2D /* Resources */,
			);
			path = HabiTracker;
			sourceTree = "<group>";
		};
		FA3752C2289572D40094FE2D /* HabiTrackerTests */ = {
			isa = PBXGroup;
			children = (
				FA3752C3289572D40094FE2D /* HabiTrackerTests.swift */,
			);
			path = HabiTrackerTests;
			sourceTree = "<group>";
		};
		FA3752CC289572D40094FE2D /* HabiTrackerUITests */ = {
			isa = PBXGroup;
			children = (
				FA3752CD289572D40094FE2D /* HabiTrackerUITests.swift */,
				FA3752CF289572D40094FE2D /* HabiTrackerUITestsLaunchTests.swift */,
			);
			path = HabiTrackerUITests;
			sourceTree = "<group>";
		};
		FA3752DC289572EB0094FE2D /* UI */ = {
			isa = PBXGroup;
			children = (
				CA23CA3B289B048B0039E2A6 /* Journals */,
				CA23CA42289B04920039E2A6 /* JournalsTableViewCell */,
				FA3752E6289575170094FE2D /* Protocols */,
				FA3752DD289572F00094FE2D /* Coordinator */,
			);
			path = UI;
			sourceTree = "<group>";
		};
		FA3752DD289572F00094FE2D /* Coordinator */ = {
			isa = PBXGroup;
			children = (
				FA3752E4289573870094FE2D /* AppCoordinator.swift */,
			);
			path = Coordinator;
			sourceTree = "<group>";
		};
		FA3752DE289572F70094FE2D /* Application */ = {
			isa = PBXGroup;
			children = (
				FA3752AC289572D20094FE2D /* AppDelegate.swift */,
				FA3752AE289572D20094FE2D /* SceneDelegate.swift */,
			);
			path = Application;
			sourceTree = "<group>";
		};
		FA3752DF289572FC0094FE2D /* Resources */ = {
			isa = PBXGroup;
			children = (
				FA3752BA289572D40094FE2D /* Info.plist */,
				FA3752B5289572D40094FE2D /* Assets.xcassets */,
				FA3752B7289572D40094FE2D /* LaunchScreen.storyboard */,
			);
			path = Resources;
			sourceTree = "<group>";
		};
		FA3752E6289575170094FE2D /* Protocols */ = {
			isa = PBXGroup;
			children = (
				FA3752E2289573440094FE2D /* Coordinator.swift */,
				FA3752E7289575310094FE2D /* StoryboardInitiated.swift */,
				FA3752ED289575B20094FE2D /* ViewModelType.swift */,
			);
			path = Protocols;
			sourceTree = "<group>";
		};
/* End PBXGroup section */

/* Begin PBXNativeTarget section */
		FA3752A8289572D20094FE2D /* HabiTracker */ = {
			isa = PBXNativeTarget;
			buildConfigurationList = FA3752D3289572D40094FE2D /* Build configuration list for PBXNativeTarget "HabiTracker" */;
			buildPhases = (
				FA3752A5289572D20094FE2D /* Sources */,
				FA3752A6289572D20094FE2D /* Frameworks */,
				FA3752A7289572D20094FE2D /* Resources */,
			);
			buildRules = (
			);
			dependencies = (
			);
			name = HabiTracker;
			productName = HabiTracker;
			productReference = FA3752A9289572D20094FE2D /* HabiTracker.app */;
			productType = "com.apple.product-type.application";
		};
		FA3752BE289572D40094FE2D /* HabiTrackerTests */ = {
			isa = PBXNativeTarget;
			buildConfigurationList = FA3752D6289572D40094FE2D /* Build configuration list for PBXNativeTarget "HabiTrackerTests" */;
			buildPhases = (
				FA3752BB289572D40094FE2D /* Sources */,
				FA3752BC289572D40094FE2D /* Frameworks */,
				FA3752BD289572D40094FE2D /* Resources */,
			);
			buildRules = (
			);
			dependencies = (
				FA3752C1289572D40094FE2D /* PBXTargetDependency */,
			);
			name = HabiTrackerTests;
			productName = HabiTrackerTests;
			productReference = FA3752BF289572D40094FE2D /* HabiTrackerTests.xctest */;
			productType = "com.apple.product-type.bundle.unit-test";
		};
		FA3752C8289572D40094FE2D /* HabiTrackerUITests */ = {
			isa = PBXNativeTarget;
			buildConfigurationList = FA3752D9289572D40094FE2D /* Build configuration list for PBXNativeTarget "HabiTrackerUITests" */;
			buildPhases = (
				FA3752C5289572D40094FE2D /* Sources */,
				FA3752C6289572D40094FE2D /* Frameworks */,
				FA3752C7289572D40094FE2D /* Resources */,
			);
			buildRules = (
			);
			dependencies = (
				FA3752CB289572D40094FE2D /* PBXTargetDependency */,
			);
			name = HabiTrackerUITests;
			productName = HabiTrackerUITests;
			productReference = FA3752C9289572D40094FE2D /* HabiTrackerUITests.xctest */;
			productType = "com.apple.product-type.bundle.ui-testing";
		};
/* End PBXNativeTarget section */

/* Begin PBXProject section */
		FA3752A1289572D20094FE2D /* Project object */ = {
			isa = PBXProject;
			attributes = {
				BuildIndependentTargetsInParallel = 1;
				LastSwiftUpdateCheck = 1340;
				LastUpgradeCheck = 1340;
				TargetAttributes = {
					FA3752A8289572D20094FE2D = {
						CreatedOnToolsVersion = 13.4;
					};
					FA3752BE289572D40094FE2D = {
						CreatedOnToolsVersion = 13.4;
						TestTargetID = FA3752A8289572D20094FE2D;
					};
					FA3752C8289572D40094FE2D = {
						CreatedOnToolsVersion = 13.4;
						TestTargetID = FA3752A8289572D20094FE2D;
					};
				};
			};
			buildConfigurationList = FA3752A4289572D20094FE2D /* Build configuration list for PBXProject "HabiTracker" */;
			compatibilityVersion = "Xcode 13.0";
			developmentRegion = en;
			hasScannedForEncodings = 0;
			knownRegions = (
				en,
				Base,
			);
			mainGroup = FA3752A0289572D20094FE2D;
			productRefGroup = FA3752AA289572D20094FE2D /* Products */;
			projectDirPath = "";
			projectRoot = "";
			targets = (
				FA3752A8289572D20094FE2D /* HabiTracker */,
				FA3752BE289572D40094FE2D /* HabiTrackerTests */,
				FA3752C8289572D40094FE2D /* HabiTrackerUITests */,
			);
		};
/* End PBXProject section */

/* Begin PBXResourcesBuildPhase section */
		FA3752A7289572D20094FE2D /* Resources */ = {
			isa = PBXResourcesBuildPhase;
			buildActionMask = 2147483647;
			files = (
				FA3752B9289572D40094FE2D /* LaunchScreen.storyboard in Resources */,
				FA3752B6289572D40094FE2D /* Assets.xcassets in Resources */,
				CA23CA41289B048B0039E2A6 /* Journals.storyboard in Resources */,
				CA23CA45289B04920039E2A6 /* JournalsTableViewCell.xib in Resources */,
			);
			runOnlyForDeploymentPostprocessing = 0;
		};
		FA3752BD289572D40094FE2D /* Resources */ = {
			isa = PBXResourcesBuildPhase;
			buildActionMask = 2147483647;
			files = (
			);
			runOnlyForDeploymentPostprocessing = 0;
		};
		FA3752C7289572D40094FE2D /* Resources */ = {
			isa = PBXResourcesBuildPhase;
			buildActionMask = 2147483647;
			files = (
			);
			runOnlyForDeploymentPostprocessing = 0;
		};
/* End PBXResourcesBuildPhase section */

/* Begin PBXSourcesBuildPhase section */
		FA3752A5289572D20094FE2D /* Sources */ = {
			isa = PBXSourcesBuildPhase;
			buildActionMask = 2147483647;
			files = (
				FA3752E8289575310094FE2D /* StoryboardInitiated.swift in Sources */,
				FA3752E3289573440094FE2D /* Coordinator.swift in Sources */,
				CA23CA3F289B048B0039E2A6 /* JournalsViewController.swift in Sources */,
				FA3752EE289575B20094FE2D /* ViewModelType.swift in Sources */,
				CA23CA40289B048B0039E2A6 /* JournalsViewModel.swift in Sources */,
				FA3752E5289573870094FE2D /* AppCoordinator.swift in Sources */,
				FA3752AD289572D20094FE2D /* AppDelegate.swift in Sources */,
				CA23CA46289B04920039E2A6 /* JournalsTableViewCell.swift in Sources */,
				FA3752AF289572D20094FE2D /* SceneDelegate.swift in Sources */,
			);
			runOnlyForDeploymentPostprocessing = 0;
		};
		FA3752BB289572D40094FE2D /* Sources */ = {
			isa = PBXSourcesBuildPhase;
			buildActionMask = 2147483647;
			files = (
				FA3752C4289572D40094FE2D /* HabiTrackerTests.swift in Sources */,
			);
			runOnlyForDeploymentPostprocessing = 0;
		};
		FA3752C5289572D40094FE2D /* Sources */ = {
			isa = PBXSourcesBuildPhase;
			buildActionMask = 2147483647;
			files = (
				FA3752CE289572D40094FE2D /* HabiTrackerUITests.swift in Sources */,
				FA3752D0289572D40094FE2D /* HabiTrackerUITestsLaunchTests.swift in Sources */,
			);
			runOnlyForDeploymentPostprocessing = 0;
		};
/* End PBXSourcesBuildPhase section */

/* Begin PBXTargetDependency section */
		FA3752C1289572D40094FE2D /* PBXTargetDependency */ = {
			isa = PBXTargetDependency;
			target = FA3752A8289572D20094FE2D /* HabiTracker */;
			targetProxy = FA3752C0289572D40094FE2D /* PBXContainerItemProxy */;
		};
		FA3752CB289572D40094FE2D /* PBXTargetDependency */ = {
			isa = PBXTargetDependency;
			target = FA3752A8289572D20094FE2D /* HabiTracker */;
			targetProxy = FA3752CA289572D40094FE2D /* PBXContainerItemProxy */;
		};
/* End PBXTargetDependency section */

/* Begin PBXVariantGroup section */
		FA3752B7289572D40094FE2D /* LaunchScreen.storyboard */ = {
			isa = PBXVariantGroup;
			children = (
				FA3752B8289572D40094FE2D /* Base */,
			);
			name = LaunchScreen.storyboard;
			sourceTree = "<group>";
		};
/* End PBXVariantGroup section */

/* Begin XCBuildConfiguration section */
		FA3752D1289572D40094FE2D /* Debug */ = {
			isa = XCBuildConfiguration;
			buildSettings = {
				ALWAYS_SEARCH_USER_PATHS = NO;
				CLANG_ANALYZER_NONNULL = YES;
				CLANG_ANALYZER_NUMBER_OBJECT_CONVERSION = YES_AGGRESSIVE;
				CLANG_CXX_LANGUAGE_STANDARD = "gnu++17";
				CLANG_ENABLE_MODULES = YES;
				CLANG_ENABLE_OBJC_ARC = YES;
				CLANG_ENABLE_OBJC_WEAK = YES;
				CLANG_WARN_BLOCK_CAPTURE_AUTORELEASING = YES;
				CLANG_WARN_BOOL_CONVERSION = YES;
				CLANG_WARN_COMMA = YES;
				CLANG_WARN_CONSTANT_CONVERSION = YES;
				CLANG_WARN_DEPRECATED_OBJC_IMPLEMENTATIONS = YES;
				CLANG_WARN_DIRECT_OBJC_ISA_USAGE = YES_ERROR;
				CLANG_WARN_DOCUMENTATION_COMMENTS = YES;
				CLANG_WARN_EMPTY_BODY = YES;
				CLANG_WARN_ENUM_CONVERSION = YES;
				CLANG_WARN_INFINITE_RECURSION = YES;
				CLANG_WARN_INT_CONVERSION = YES;
				CLANG_WARN_NON_LITERAL_NULL_CONVERSION = YES;
				CLANG_WARN_OBJC_IMPLICIT_RETAIN_SELF = YES;
				CLANG_WARN_OBJC_LITERAL_CONVERSION = YES;
				CLANG_WARN_OBJC_ROOT_CLASS = YES_ERROR;
				CLANG_WARN_QUOTED_INCLUDE_IN_FRAMEWORK_HEADER = YES;
				CLANG_WARN_RANGE_LOOP_ANALYSIS = YES;
				CLANG_WARN_STRICT_PROTOTYPES = YES;
				CLANG_WARN_SUSPICIOUS_MOVE = YES;
				CLANG_WARN_UNGUARDED_AVAILABILITY = YES_AGGRESSIVE;
				CLANG_WARN_UNREACHABLE_CODE = YES;
				CLANG_WARN__DUPLICATE_METHOD_MATCH = YES;
				COPY_PHASE_STRIP = NO;
				DEBUG_INFORMATION_FORMAT = dwarf;
				ENABLE_STRICT_OBJC_MSGSEND = YES;
				ENABLE_TESTABILITY = YES;
				GCC_C_LANGUAGE_STANDARD = gnu11;
				GCC_DYNAMIC_NO_PIC = NO;
				GCC_NO_COMMON_BLOCKS = YES;
				GCC_OPTIMIZATION_LEVEL = 0;
				GCC_PREPROCESSOR_DEFINITIONS = (
					"DEBUG=1",
					"$(inherited)",
				);
				GCC_WARN_64_TO_32_BIT_CONVERSION = YES;
				GCC_WARN_ABOUT_RETURN_TYPE = YES_ERROR;
				GCC_WARN_UNDECLARED_SELECTOR = YES;
				GCC_WARN_UNINITIALIZED_AUTOS = YES_AGGRESSIVE;
				GCC_WARN_UNUSED_FUNCTION = YES;
				GCC_WARN_UNUSED_VARIABLE = YES;
				IPHONEOS_DEPLOYMENT_TARGET = 15.5;
				MTL_ENABLE_DEBUG_INFO = INCLUDE_SOURCE;
				MTL_FAST_MATH = YES;
				ONLY_ACTIVE_ARCH = YES;
				SDKROOT = iphoneos;
				SWIFT_ACTIVE_COMPILATION_CONDITIONS = DEBUG;
				SWIFT_OPTIMIZATION_LEVEL = "-Onone";
			};
			name = Debug;
		};
		FA3752D2289572D40094FE2D /* Release */ = {
			isa = XCBuildConfiguration;
			buildSettings = {
				ALWAYS_SEARCH_USER_PATHS = NO;
				CLANG_ANALYZER_NONNULL = YES;
				CLANG_ANALYZER_NUMBER_OBJECT_CONVERSION = YES_AGGRESSIVE;
				CLANG_CXX_LANGUAGE_STANDARD = "gnu++17";
				CLANG_ENABLE_MODULES = YES;
				CLANG_ENABLE_OBJC_ARC = YES;
				CLANG_ENABLE_OBJC_WEAK = YES;
				CLANG_WARN_BLOCK_CAPTURE_AUTORELEASING = YES;
				CLANG_WARN_BOOL_CONVERSION = YES;
				CLANG_WARN_COMMA = YES;
				CLANG_WARN_CONSTANT_CONVERSION = YES;
				CLANG_WARN_DEPRECATED_OBJC_IMPLEMENTATIONS = YES;
				CLANG_WARN_DIRECT_OBJC_ISA_USAGE = YES_ERROR;
				CLANG_WARN_DOCUMENTATION_COMMENTS = YES;
				CLANG_WARN_EMPTY_BODY = YES;
				CLANG_WARN_ENUM_CONVERSION = YES;
				CLANG_WARN_INFINITE_RECURSION = YES;
				CLANG_WARN_INT_CONVERSION = YES;
				CLANG_WARN_NON_LITERAL_NULL_CONVERSION = YES;
				CLANG_WARN_OBJC_IMPLICIT_RETAIN_SELF = YES;
				CLANG_WARN_OBJC_LITERAL_CONVERSION = YES;
				CLANG_WARN_OBJC_ROOT_CLASS = YES_ERROR;
				CLANG_WARN_QUOTED_INCLUDE_IN_FRAMEWORK_HEADER = YES;
				CLANG_WARN_RANGE_LOOP_ANALYSIS = YES;
				CLANG_WARN_STRICT_PROTOTYPES = YES;
				CLANG_WARN_SUSPICIOUS_MOVE = YES;
				CLANG_WARN_UNGUARDED_AVAILABILITY = YES_AGGRESSIVE;
				CLANG_WARN_UNREACHABLE_CODE = YES;
				CLANG_WARN__DUPLICATE_METHOD_MATCH = YES;
				COPY_PHASE_STRIP = NO;
				DEBUG_INFORMATION_FORMAT = "dwarf-with-dsym";
				ENABLE_NS_ASSERTIONS = NO;
				ENABLE_STRICT_OBJC_MSGSEND = YES;
				GCC_C_LANGUAGE_STANDARD = gnu11;
				GCC_NO_COMMON_BLOCKS = YES;
				GCC_WARN_64_TO_32_BIT_CONVERSION = YES;
				GCC_WARN_ABOUT_RETURN_TYPE = YES_ERROR;
				GCC_WARN_UNDECLARED_SELECTOR = YES;
				GCC_WARN_UNINITIALIZED_AUTOS = YES_AGGRESSIVE;
				GCC_WARN_UNUSED_FUNCTION = YES;
				GCC_WARN_UNUSED_VARIABLE = YES;
				IPHONEOS_DEPLOYMENT_TARGET = 15.5;
				MTL_ENABLE_DEBUG_INFO = NO;
				MTL_FAST_MATH = YES;
				SDKROOT = iphoneos;
				SWIFT_COMPILATION_MODE = wholemodule;
				SWIFT_OPTIMIZATION_LEVEL = "-O";
				VALIDATE_PRODUCT = YES;
			};
			name = Release;
		};
		FA3752D4289572D40094FE2D /* Debug */ = {
			isa = XCBuildConfiguration;
			buildSettings = {
				ASSETCATALOG_COMPILER_APPICON_NAME = AppIcon;
				ASSETCATALOG_COMPILER_GLOBAL_ACCENT_COLOR_NAME = AccentColor;
				CODE_SIGN_STYLE = Automatic;
				CURRENT_PROJECT_VERSION = 1;
				DEVELOPMENT_TEAM = 9R45Q2DW4H;
				GENERATE_INFOPLIST_FILE = YES;
				INFOPLIST_FILE = HabiTracker/Resources/Info.plist;
				INFOPLIST_KEY_UIApplicationSupportsIndirectInputEvents = YES;
				INFOPLIST_KEY_UILaunchStoryboardName = LaunchScreen;
				INFOPLIST_KEY_UISupportedInterfaceOrientations_iPad = "UIInterfaceOrientationPortrait UIInterfaceOrientationPortraitUpsideDown UIInterfaceOrientationLandscapeLeft UIInterfaceOrientationLandscapeRight";
				INFOPLIST_KEY_UISupportedInterfaceOrientations_iPhone = "UIInterfaceOrientationPortrait UIInterfaceOrientationLandscapeLeft UIInterfaceOrientationLandscapeRight";
				LD_RUNPATH_SEARCH_PATHS = (
					"$(inherited)",
					"@executable_path/Frameworks",
				);
				MARKETING_VERSION = 1.0;
				PRODUCT_BUNDLE_IDENTIFIER = "habit-racker.prod.HabiTracker";
				PRODUCT_NAME = "$(TARGET_NAME)";
				SWIFT_EMIT_LOC_STRINGS = YES;
				SWIFT_VERSION = 5.0;
				TARGETED_DEVICE_FAMILY = "1,2";
			};
			name = Debug;
		};
		FA3752D5289572D40094FE2D /* Release */ = {
			isa = XCBuildConfiguration;
			buildSettings = {
				ASSETCATALOG_COMPILER_APPICON_NAME = AppIcon;
				ASSETCATALOG_COMPILER_GLOBAL_ACCENT_COLOR_NAME = AccentColor;
				CODE_SIGN_STYLE = Automatic;
				CURRENT_PROJECT_VERSION = 1;
				DEVELOPMENT_TEAM = 9R45Q2DW4H;
				GENERATE_INFOPLIST_FILE = YES;
				INFOPLIST_FILE = HabiTracker/Resources/Info.plist;
				INFOPLIST_KEY_UIApplicationSupportsIndirectInputEvents = YES;
				INFOPLIST_KEY_UILaunchStoryboardName = LaunchScreen;
				INFOPLIST_KEY_UISupportedInterfaceOrientations_iPad = "UIInterfaceOrientationPortrait UIInterfaceOrientationPortraitUpsideDown UIInterfaceOrientationLandscapeLeft UIInterfaceOrientationLandscapeRight";
				INFOPLIST_KEY_UISupportedInterfaceOrientations_iPhone = "UIInterfaceOrientationPortrait UIInterfaceOrientationLandscapeLeft UIInterfaceOrientationLandscapeRight";
				LD_RUNPATH_SEARCH_PATHS = (
					"$(inherited)",
					"@executable_path/Frameworks",
				);
				MARKETING_VERSION = 1.0;
				PRODUCT_BUNDLE_IDENTIFIER = "habit-racker.prod.HabiTracker";
				PRODUCT_NAME = "$(TARGET_NAME)";
				SWIFT_EMIT_LOC_STRINGS = YES;
				SWIFT_VERSION = 5.0;
				TARGETED_DEVICE_FAMILY = "1,2";
			};
			name = Release;
		};
		FA3752D7289572D40094FE2D /* Debug */ = {
			isa = XCBuildConfiguration;
			buildSettings = {
				ALWAYS_EMBED_SWIFT_STANDARD_LIBRARIES = YES;
				BUNDLE_LOADER = "$(TEST_HOST)";
				CODE_SIGN_STYLE = Automatic;
				CURRENT_PROJECT_VERSION = 1;
				DEVELOPMENT_TEAM = 9R45Q2DW4H;
				GENERATE_INFOPLIST_FILE = YES;
				IPHONEOS_DEPLOYMENT_TARGET = 15.5;
				MARKETING_VERSION = 1.0;
				PRODUCT_BUNDLE_IDENTIFIER = "habit-racker.prod.HabiTrackerTests";
				PRODUCT_NAME = "$(TARGET_NAME)";
				SWIFT_EMIT_LOC_STRINGS = NO;
				SWIFT_VERSION = 5.0;
				TARGETED_DEVICE_FAMILY = "1,2";
				TEST_HOST = "$(BUILT_PRODUCTS_DIR)/HabiTracker.app/HabiTracker";
			};
			name = Debug;
		};
		FA3752D8289572D40094FE2D /* Release */ = {
			isa = XCBuildConfiguration;
			buildSettings = {
				ALWAYS_EMBED_SWIFT_STANDARD_LIBRARIES = YES;
				BUNDLE_LOADER = "$(TEST_HOST)";
				CODE_SIGN_STYLE = Automatic;
				CURRENT_PROJECT_VERSION = 1;
				DEVELOPMENT_TEAM = 9R45Q2DW4H;
				GENERATE_INFOPLIST_FILE = YES;
				IPHONEOS_DEPLOYMENT_TARGET = 15.5;
				MARKETING_VERSION = 1.0;
				PRODUCT_BUNDLE_IDENTIFIER = "habit-racker.prod.HabiTrackerTests";
				PRODUCT_NAME = "$(TARGET_NAME)";
				SWIFT_EMIT_LOC_STRINGS = NO;
				SWIFT_VERSION = 5.0;
				TARGETED_DEVICE_FAMILY = "1,2";
				TEST_HOST = "$(BUILT_PRODUCTS_DIR)/HabiTracker.app/HabiTracker";
			};
			name = Release;
		};
		FA3752DA289572D40094FE2D /* Debug */ = {
			isa = XCBuildConfiguration;
			buildSettings = {
				ALWAYS_EMBED_SWIFT_STANDARD_LIBRARIES = YES;
				CODE_SIGN_STYLE = Automatic;
				CURRENT_PROJECT_VERSION = 1;
				DEVELOPMENT_TEAM = 9R45Q2DW4H;
				GENERATE_INFOPLIST_FILE = YES;
				MARKETING_VERSION = 1.0;
				PRODUCT_BUNDLE_IDENTIFIER = "habit-racker.prod.HabiTrackerUITests";
				PRODUCT_NAME = "$(TARGET_NAME)";
				SWIFT_EMIT_LOC_STRINGS = NO;
				SWIFT_VERSION = 5.0;
				TARGETED_DEVICE_FAMILY = "1,2";
				TEST_TARGET_NAME = HabiTracker;
			};
			name = Debug;
		};
		FA3752DB289572D40094FE2D /* Release */ = {
			isa = XCBuildConfiguration;
			buildSettings = {
				ALWAYS_EMBED_SWIFT_STANDARD_LIBRARIES = YES;
				CODE_SIGN_STYLE = Automatic;
				CURRENT_PROJECT_VERSION = 1;
				DEVELOPMENT_TEAM = 9R45Q2DW4H;
				GENERATE_INFOPLIST_FILE = YES;
				MARKETING_VERSION = 1.0;
				PRODUCT_BUNDLE_IDENTIFIER = "habit-racker.prod.HabiTrackerUITests";
				PRODUCT_NAME = "$(TARGET_NAME)";
				SWIFT_EMIT_LOC_STRINGS = NO;
				SWIFT_VERSION = 5.0;
				TARGETED_DEVICE_FAMILY = "1,2";
				TEST_TARGET_NAME = HabiTracker;
			};
			name = Release;
		};
/* End XCBuildConfiguration section */

/* Begin XCConfigurationList section */
		FA3752A4289572D20094FE2D /* Build configuration list for PBXProject "HabiTracker" */ = {
			isa = XCConfigurationList;
			buildConfigurations = (
				FA3752D1289572D40094FE2D /* Debug */,
				FA3752D2289572D40094FE2D /* Release */,
			);
			defaultConfigurationIsVisible = 0;
			defaultConfigurationName = Release;
		};
		FA3752D3289572D40094FE2D /* Build configuration list for PBXNativeTarget "HabiTracker" */ = {
			isa = XCConfigurationList;
			buildConfigurations = (
				FA3752D4289572D40094FE2D /* Debug */,
				FA3752D5289572D40094FE2D /* Release */,
			);
			defaultConfigurationIsVisible = 0;
			defaultConfigurationName = Release;
		};
		FA3752D6289572D40094FE2D /* Build configuration list for PBXNativeTarget "HabiTrackerTests" */ = {
			isa = XCConfigurationList;
			buildConfigurations = (
				FA3752D7289572D40094FE2D /* Debug */,
				FA3752D8289572D40094FE2D /* Release */,
			);
			defaultConfigurationIsVisible = 0;
			defaultConfigurationName = Release;
		};
		FA3752D9289572D40094FE2D /* Build configuration list for PBXNativeTarget "HabiTrackerUITests" */ = {
			isa = XCConfigurationList;
			buildConfigurations = (
				FA3752DA289572D40094FE2D /* Debug */,
				FA3752DB289572D40094FE2D /* Release */,
			);
			defaultConfigurationIsVisible = 0;
			defaultConfigurationName = Release;
		};
/* End XCConfigurationList section */
	};
	rootObject = FA3752A1289572D20094FE2D /* Project object */;
}
